
Microsoft Visual Studio Solution File, Format Version 12.00
# Visual Studio Version 16
VisualStudioVersion = 16.0.30907.101
MinimumVisualStudioVersion = 10.0.40219.1
Project("{8BC9CEB8-8B4A-11D0-8D11-00A0C91BC942}") = "ch01_dice", "Embedded\Embedded.vcxproj", "{B153990E-AF60-425D-8EB2-99783BAFBE55}"
EndProject
Project("{8BC9CEB8-8B4A-11D0-8D11-00A0C91BC942}") = "ch02_assignment", "ch02_assignment\ch02_assignment.vcxproj", "{3880ED67-74F2-48B5-932E-5B0D2A71F696}"
EndProject
Project("{8BC9CEB8-8B4A-11D0-8D11-00A0C91BC942}") = "ch04_LL", "ch04_LL\ch04_LL.vcxproj", "{514DB6F5-5CBF-44F9-8179-CCE1A61D5530}"
EndProject
Project("{8BC9CEB8-8B4A-11D0-8D11-00A0C91BC942}") = "ch05_NameCard", "ch05_NameCard\ch05_NameCard.vcxproj", "{77B4D1AE-6A4D-4B16-8F17-186B7BEA6935}"
EndProject
Project("{8BC9CEB8-8B4A-11D0-8D11-00A0C91BC942}") = "ch06_stack", "ch06_stack\ch06_stack.vcxproj", "{91F4CBA0-F870-4F26-A089-135007ECFB7C}"
EndProject
Project("{8BC9CEB8-8B4A-11D0-8D11-00A0C91BC942}") = "ch06_stack_LL", "ch06_stack_LL\ch06_stack_LL.vcxproj", "{B01C3832-089D-4191-83DA-9B12C5B4E3E8}"
EndProject
Project("{8BC9CEB8-8B4A-11D0-8D11-00A0C91BC942}") = "ch06_postfix", "ch06_postfix\ch06_postfix.vcxproj", "{EDBC9B36-C4EE-466E-A9EB-0F50F3D3AEBB}"
EndProject
Project("{8BC9CEB8-8B4A-11D0-8D11-00A0C91BC942}") = "ch06_queue", "ch06\ch06.vcxproj", "{4FC089A5-F42B-40A8-A367-B9EE5F2693E9}"
EndProject
Project("{8BC9CEB8-8B4A-11D0-8D11-00A0C91BC942}") = "ch06_queue_LL", "ch06_queue_LL\ch06_queue_LL.vcxproj", "{226AF8B5-1DC1-4CE4-BF40-1DECFE97F082}"
EndProject
Project("{8BC9CEB8-8B4A-11D0-8D11-00A0C91BC942}") = "ch07_tree", "ch07_tree\ch07_tree.vcxproj", "{04E465DA-ACFB-48F7-A4C9-DA3539F36F93}"
EndProject
Project("{8BC9CEB8-8B4A-11D0-8D11-00A0C91BC942}") = "ch07_postfix_tree", "ch07_postfix_tree\ch07_postfix_tree.vcxproj", "{E3E440D6-78B4-4492-A7AF-0291E582394C}"
EndProject
Project("{8BC9CEB8-8B4A-11D0-8D11-00A0C91BC942}") = "ch08_midexam", "ch08_midexam\ch08_midexam.vcxproj", "{526DEB43-6558-4F78-A5F8-1D7009A427E9}"
EndProject
Project("{8BC9CEB8-8B4A-11D0-8D11-00A0C91BC942}") = "ch09_selection_Sort", "ch09_selection_Sort\ch09_selection_Sort.vcxproj", "{12947D6F-3CEE-46D7-9678-7700B4B81D0C}"
EndProject
Project("{8BC9CEB8-8B4A-11D0-8D11-00A0C91BC942}") = "ch10_noisySolt", "ch10_noisySolt\ch10_noisySolt.vcxproj", "{FE9CD55B-D3A4-4271-8F0C-72C1BB485747}"
EndProject
Project("{8BC9CEB8-8B4A-11D0-8D11-00A0C91BC942}") = "ch09_insertionSolt", "ch09_insertionSolt\ch09_insertionSolt.vcxproj", "{2C1D29DA-4C1B-41FC-B23A-D667BCF25679}"
EndProject
Project("{8BC9CEB8-8B4A-11D0-8D11-00A0C91BC942}") = "ch10_QuickSolt", "ch10_QuickSolt\ch10_QuickSolt.vcxproj", "{43475DEA-A4F8-49E2-B951-B658DDE9FE8E}"
EndProject
Project("{8BC9CEB8-8B4A-11D0-8D11-00A0C91BC942}") = "ch10_HeapSolt", "ch10_HeapSolt\ch10_HeapSolt.vcxproj", "{0D16A37B-E5CF-4A77-A986-471E8AF518F9}"
EndProject
Project("{8BC9CEB8-8B4A-11D0-8D11-00A0C91BC942}") = "ch11_biSearch", "ch11_biSearch\ch11_biSearch.vcxproj", "{93ACCA1B-FF28-46E1-ADD1-2C57837FDCE7}"
EndProject
Project("{8BC9CEB8-8B4A-11D0-8D11-00A0C91BC942}") = "ch11_seqSearch", "ch11_seqSearch\ch11_seqSearch.vcxproj", "{2DA0B005-721C-46E0-A8BA-5661FB8654DC}"
EndProject
Project("{8BC9CEB8-8B4A-11D0-8D11-00A0C91BC942}") = "ch11_genSearch", "ch11_genSearch\ch11_genSearch.vcxproj", "{83A9F945-9D34-44BE-B754-2A43C1325B66}"
EndProject
Project("{8BC9CEB8-8B4A-11D0-8D11-00A0C91BC942}") = "ch12_SequentialSearchLL", "ch12_SequentialSearchLL\ch12_SequentialSearchLL.vcxproj", "{1A6D31A9-0255-4D83-92B9-F2D9B9C431D7}"
EndProject
Project("{8BC9CEB8-8B4A-11D0-8D11-00A0C91BC942}") = "ch12_binaryTree", "ch12_binaryTreew\ch12_binaryTreew.vcxproj", "{E5044356-1370-401F-B92A-63CAE7013861}"
EndProject
Project("{8BC9CEB8-8B4A-11D0-8D11-00A0C91BC942}") = "ch13_wordCount", "ch13_wordCount\ch13_wordCount.vcxproj", "{C195E16A-3AB6-4CC7-BBE4-35D1F3676C5E}"
EndProject
Project("{8BC9CEB8-8B4A-11D0-8D11-00A0C91BC942}") = "ch13_wordCount_gen", "ch13_wordCount_gen\ch13_wordCount_gen.vcxproj", "{E33E51B7-785F-4A2A-8782-90E8C3F0A123}"
EndProject
Project("{8BC9CEB8-8B4A-11D0-8D11-00A0C91BC942}") = "ch14_RBTree", "ch14_RBTree\ch14_RBTree.vcxproj", "{77FE9192-B9FA-49DD-A4A4-A7E5798681EB}"
EndProject
Project("{8BC9CEB8-8B4A-11D0-8D11-00A0C91BC942}") = "ch09_bubbleSort", "ch09_bubbleSort\ch09_bubbleSort.vcxproj", "{6EA7A6BB-9B38-4E5C-ABEE-A514D60E535C}"
EndProject
Project("{8BC9CEB8-8B4A-11D0-8D11-00A0C91BC942}") = "Finalexam", "Finalexam\Finalexam.vcxproj", "{13D3DDE0-5AE0-43EC-A428-B6D039159D31}"
EndProject
Global
	GlobalSection(SolutionConfigurationPlatforms) = preSolution
		Debug|x64 = Debug|x64
		Debug|x86 = Debug|x86
		Release|x64 = Release|x64
		Release|x86 = Release|x86
	EndGlobalSection
	GlobalSection(ProjectConfigurationPlatforms) = postSolution
		{B153990E-AF60-425D-8EB2-99783BAFBE55}.Debug|x64.ActiveCfg = Debug|x64
		{B153990E-AF60-425D-8EB2-99783BAFBE55}.Debug|x64.Build.0 = Debug|x64
		{B153990E-AF60-425D-8EB2-99783BAFBE55}.Debug|x86.ActiveCfg = Debug|Win32
		{B153990E-AF60-425D-8EB2-99783BAFBE55}.Debug|x86.Build.0 = Debug|Win32
		{B153990E-AF60-425D-8EB2-99783BAFBE55}.Release|x64.ActiveCfg = Release|x64
		{B153990E-AF60-425D-8EB2-99783BAFBE55}.Release|x64.Build.0 = Release|x64
		{B153990E-AF60-425D-8EB2-99783BAFBE55}.Release|x86.ActiveCfg = Release|Win32
		{B153990E-AF60-425D-8EB2-99783BAFBE55}.Release|x86.Build.0 = Release|Win32
		{3880ED67-74F2-48B5-932E-5B0D2A71F696}.Debug|x64.ActiveCfg = Debug|x64
		{3880ED67-74F2-48B5-932E-5B0D2A71F696}.Debug|x64.Build.0 = Debug|x64
		{3880ED67-74F2-48B5-932E-5B0D2A71F696}.Debug|x86.ActiveCfg = Debug|Win32
		{3880ED67-74F2-48B5-932E-5B0D2A71F696}.Debug|x86.Build.0 = Debug|Win32
		{3880ED67-74F2-48B5-932E-5B0D2A71F696}.Release|x64.ActiveCfg = Release|x64
		{3880ED67-74F2-48B5-932E-5B0D2A71F696}.Release|x64.Build.0 = Release|x64
		{3880ED67-74F2-48B5-932E-5B0D2A71F696}.Release|x86.ActiveCfg = Release|Win32
		{3880ED67-74F2-48B5-932E-5B0D2A71F696}.Release|x86.Build.0 = Release|Win32
		{514DB6F5-5CBF-44F9-8179-CCE1A61D5530}.Debug|x64.ActiveCfg = Debug|x64
		{514DB6F5-5CBF-44F9-8179-CCE1A61D5530}.Debug|x64.Build.0 = Debug|x64
		{514DB6F5-5CBF-44F9-8179-CCE1A61D5530}.Debug|x86.ActiveCfg = Debug|Win32
		{514DB6F5-5CBF-44F9-8179-CCE1A61D5530}.Debug|x86.Build.0 = Debug|Win32
		{514DB6F5-5CBF-44F9-8179-CCE1A61D5530}.Release|x64.ActiveCfg = Release|x64
		{514DB6F5-5CBF-44F9-8179-CCE1A61D5530}.Release|x64.Build.0 = Release|x64
		{514DB6F5-5CBF-44F9-8179-CCE1A61D5530}.Release|x86.ActiveCfg = Release|Win32
		{514DB6F5-5CBF-44F9-8179-CCE1A61D5530}.Release|x86.Build.0 = Release|Win32
		{77B4D1AE-6A4D-4B16-8F17-186B7BEA6935}.Debug|x64.ActiveCfg = Debug|x64
		{77B4D1AE-6A4D-4B16-8F17-186B7BEA6935}.Debug|x64.Build.0 = Debug|x64
		{77B4D1AE-6A4D-4B16-8F17-186B7BEA6935}.Debug|x86.ActiveCfg = Debug|Win32
		{77B4D1AE-6A4D-4B16-8F17-186B7BEA6935}.Debug|x86.Build.0 = Debug|Win32
		{77B4D1AE-6A4D-4B16-8F17-186B7BEA6935}.Release|x64.ActiveCfg = Release|x64
		{77B4D1AE-6A4D-4B16-8F17-186B7BEA6935}.Release|x64.Build.0 = Release|x64
		{77B4D1AE-6A4D-4B16-8F17-186B7BEA6935}.Release|x86.ActiveCfg = Release|Win32
		{77B4D1AE-6A4D-4B16-8F17-186B7BEA6935}.Release|x86.Build.0 = Release|Win32
		{91F4CBA0-F870-4F26-A089-135007ECFB7C}.Debug|x64.ActiveCfg = Debug|x64
		{91F4CBA0-F870-4F26-A089-135007ECFB7C}.Debug|x64.Build.0 = Debug|x64
		{91F4CBA0-F870-4F26-A089-135007ECFB7C}.Debug|x86.ActiveCfg = Debug|Win32
		{91F4CBA0-F870-4F26-A089-135007ECFB7C}.Debug|x86.Build.0 = Debug|Win32
		{91F4CBA0-F870-4F26-A089-135007ECFB7C}.Release|x64.ActiveCfg = Release|x64
		{91F4CBA0-F870-4F26-A089-135007ECFB7C}.Release|x64.Build.0 = Release|x64
		{91F4CBA0-F870-4F26-A089-135007ECFB7C}.Release|x86.ActiveCfg = Release|Win32
		{91F4CBA0-F870-4F26-A089-135007ECFB7C}.Release|x86.Build.0 = Release|Win32
		{B01C3832-089D-4191-83DA-9B12C5B4E3E8}.Debug|x64.ActiveCfg = Debug|x64
		{B01C3832-089D-4191-83DA-9B12C5B4E3E8}.Debug|x64.Build.0 = Debug|x64
		{B01C3832-089D-4191-83DA-9B12C5B4E3E8}.Debug|x86.ActiveCfg = Debug|Win32
		{B01C3832-089D-4191-83DA-9B12C5B4E3E8}.Debug|x86.Build.0 = Debug|Win32
		{B01C3832-089D-4191-83DA-9B12C5B4E3E8}.Release|x64.ActiveCfg = Release|x64
		{B01C3832-089D-4191-83DA-9B12C5B4E3E8}.Release|x64.Build.0 = Release|x64
		{B01C3832-089D-4191-83DA-9B12C5B4E3E8}.Release|x86.ActiveCfg = Release|Win32
		{B01C3832-089D-4191-83DA-9B12C5B4E3E8}.Release|x86.Build.0 = Release|Win32
		{EDBC9B36-C4EE-466E-A9EB-0F50F3D3AEBB}.Debug|x64.ActiveCfg = Debug|x64
		{EDBC9B36-C4EE-466E-A9EB-0F50F3D3AEBB}.Debug|x64.Build.0 = Debug|x64
		{EDBC9B36-C4EE-466E-A9EB-0F50F3D3AEBB}.Debug|x86.ActiveCfg = Debug|Win32
		{EDBC9B36-C4EE-466E-A9EB-0F50F3D3AEBB}.Debug|x86.Build.0 = Debug|Win32
		{EDBC9B36-C4EE-466E-A9EB-0F50F3D3AEBB}.Release|x64.ActiveCfg = Release|x64
		{EDBC9B36-C4EE-466E-A9EB-0F50F3D3AEBB}.Release|x64.Build.0 = Release|x64
		{EDBC9B36-C4EE-466E-A9EB-0F50F3D3AEBB}.Release|x86.ActiveCfg = Release|Win32
		{EDBC9B36-C4EE-466E-A9EB-0F50F3D3AEBB}.Release|x86.Build.0 = Release|Win32
		{4FC089A5-F42B-40A8-A367-B9EE5F2693E9}.Debug|x64.ActiveCfg = Debug|x64
		{4FC089A5-F42B-40A8-A367-B9EE5F2693E9}.Debug|x64.Build.0 = Debug|x64
		{4FC089A5-F42B-40A8-A367-B9EE5F2693E9}.Debug|x86.ActiveCfg = Debug|Win32
		{4FC089A5-F42B-40A8-A367-B9EE5F2693E9}.Debug|x86.Build.0 = Debug|Win32
		{4FC089A5-F42B-40A8-A367-B9EE5F2693E9}.Release|x64.ActiveCfg = Release|x64
		{4FC089A5-F42B-40A8-A367-B9EE5F2693E9}.Release|x64.Build.0 = Release|x64
		{4FC089A5-F42B-40A8-A367-B9EE5F2693E9}.Release|x86.ActiveCfg = Release|Win32
		{4FC089A5-F42B-40A8-A367-B9EE5F2693E9}.Release|x86.Build.0 = Release|Win32
		{226AF8B5-1DC1-4CE4-BF40-1DECFE97F082}.Debug|x64.ActiveCfg = Debug|x64
		{226AF8B5-1DC1-4CE4-BF40-1DECFE97F082}.Debug|x64.Build.0 = Debug|x64
		{226AF8B5-1DC1-4CE4-BF40-1DECFE97F082}.Debug|x86.ActiveCfg = Debug|Win32
		{226AF8B5-1DC1-4CE4-BF40-1DECFE97F082}.Debug|x86.Build.0 = Debug|Win32
		{226AF8B5-1DC1-4CE4-BF40-1DECFE97F082}.Release|x64.ActiveCfg = Release|x64
		{226AF8B5-1DC1-4CE4-BF40-1DECFE97F082}.Release|x64.Build.0 = Release|x64
		{226AF8B5-1DC1-4CE4-BF40-1DECFE97F082}.Release|x86.ActiveCfg = Release|Win32
		{226AF8B5-1DC1-4CE4-BF40-1DECFE97F082}.Release|x86.Build.0 = Release|Win32
		{04E465DA-ACFB-48F7-A4C9-DA3539F36F93}.Debug|x64.ActiveCfg = Debug|x64
		{04E465DA-ACFB-48F7-A4C9-DA3539F36F93}.Debug|x64.Build.0 = Debug|x64
		{04E465DA-ACFB-48F7-A4C9-DA3539F36F93}.Debug|x86.ActiveCfg = Debug|Win32
		{04E465DA-ACFB-48F7-A4C9-DA3539F36F93}.Debug|x86.Build.0 = Debug|Win32
		{04E465DA-ACFB-48F7-A4C9-DA3539F36F93}.Release|x64.ActiveCfg = Release|x64
		{04E465DA-ACFB-48F7-A4C9-DA3539F36F93}.Release|x64.Build.0 = Release|x64
		{04E465DA-ACFB-48F7-A4C9-DA3539F36F93}.Release|x86.ActiveCfg = Release|Win32
		{04E465DA-ACFB-48F7-A4C9-DA3539F36F93}.Release|x86.Build.0 = Release|Win32
		{E3E440D6-78B4-4492-A7AF-0291E582394C}.Debug|x64.ActiveCfg = Debug|x64
		{E3E440D6-78B4-4492-A7AF-0291E582394C}.Debug|x64.Build.0 = Debug|x64
		{E3E440D6-78B4-4492-A7AF-0291E582394C}.Debug|x86.ActiveCfg = Debug|Win32
		{E3E440D6-78B4-4492-A7AF-0291E582394C}.Debug|x86.Build.0 = Debug|Win32
		{E3E440D6-78B4-4492-A7AF-0291E582394C}.Release|x64.ActiveCfg = Release|x64
		{E3E440D6-78B4-4492-A7AF-0291E582394C}.Release|x64.Build.0 = Release|x64
		{E3E440D6-78B4-4492-A7AF-0291E582394C}.Release|x86.ActiveCfg = Release|Win32
		{E3E440D6-78B4-4492-A7AF-0291E582394C}.Release|x86.Build.0 = Release|Win32
		{526DEB43-6558-4F78-A5F8-1D7009A427E9}.Debug|x64.ActiveCfg = Debug|x64
		{526DEB43-6558-4F78-A5F8-1D7009A427E9}.Debug|x64.Build.0 = Debug|x64
		{526DEB43-6558-4F78-A5F8-1D7009A427E9}.Debug|x86.ActiveCfg = Debug|Win32
		{526DEB43-6558-4F78-A5F8-1D7009A427E9}.Debug|x86.Build.0 = Debug|Win32
		{526DEB43-6558-4F78-A5F8-1D7009A427E9}.Release|x64.ActiveCfg = Release|x64
		{526DEB43-6558-4F78-A5F8-1D7009A427E9}.Release|x64.Build.0 = Release|x64
		{526DEB43-6558-4F78-A5F8-1D7009A427E9}.Release|x86.ActiveCfg = Release|Win32
		{526DEB43-6558-4F78-A5F8-1D7009A427E9}.Release|x86.Build.0 = Release|Win32
		{12947D6F-3CEE-46D7-9678-7700B4B81D0C}.Debug|x64.ActiveCfg = Debug|x64
		{12947D6F-3CEE-46D7-9678-7700B4B81D0C}.Debug|x64.Build.0 = Debug|x64
		{12947D6F-3CEE-46D7-9678-7700B4B81D0C}.Debug|x86.ActiveCfg = Debug|Win32
		{12947D6F-3CEE-46D7-9678-7700B4B81D0C}.Debug|x86.Build.0 = Debug|Win32
		{12947D6F-3CEE-46D7-9678-7700B4B81D0C}.Release|x64.ActiveCfg = Release|x64
		{12947D6F-3CEE-46D7-9678-7700B4B81D0C}.Release|x64.Build.0 = Release|x64
		{12947D6F-3CEE-46D7-9678-7700B4B81D0C}.Release|x86.ActiveCfg = Release|Win32
		{12947D6F-3CEE-46D7-9678-7700B4B81D0C}.Release|x86.Build.0 = Release|Win32
		{FE9CD55B-D3A4-4271-8F0C-72C1BB485747}.Debug|x64.ActiveCfg = Debug|x64
		{FE9CD55B-D3A4-4271-8F0C-72C1BB485747}.Debug|x64.Build.0 = Debug|x64
		{FE9CD55B-D3A4-4271-8F0C-72C1BB485747}.Debug|x86.ActiveCfg = Debug|Win32
		{FE9CD55B-D3A4-4271-8F0C-72C1BB485747}.Debug|x86.Build.0 = Debug|Win32
		{FE9CD55B-D3A4-4271-8F0C-72C1BB485747}.Release|x64.ActiveCfg = Release|x64
		{FE9CD55B-D3A4-4271-8F0C-72C1BB485747}.Release|x64.Build.0 = Release|x64
		{FE9CD55B-D3A4-4271-8F0C-72C1BB485747}.Release|x86.ActiveCfg = Release|Win32
		{FE9CD55B-D3A4-4271-8F0C-72C1BB485747}.Release|x86.Build.0 = Release|Win32
		{2C1D29DA-4C1B-41FC-B23A-D667BCF25679}.Debug|x64.ActiveCfg = Debug|x64
		{2C1D29DA-4C1B-41FC-B23A-D667BCF25679}.Debug|x64.Build.0 = Debug|x64
		{2C1D29DA-4C1B-41FC-B23A-D667BCF25679}.Debug|x86.ActiveCfg = Debug|Win32
		{2C1D29DA-4C1B-41FC-B23A-D667BCF25679}.Debug|x86.Build.0 = Debug|Win32
		{2C1D29DA-4C1B-41FC-B23A-D667BCF25679}.Release|x64.ActiveCfg = Release|x64
		{2C1D29DA-4C1B-41FC-B23A-D667BCF25679}.Release|x64.Build.0 = Release|x64
		{2C1D29DA-4C1B-41FC-B23A-D667BCF25679}.Release|x86.ActiveCfg = Release|Win32
		{2C1D29DA-4C1B-41FC-B23A-D667BCF25679}.Release|x86.Build.0 = Release|Win32
		{43475DEA-A4F8-49E2-B951-B658DDE9FE8E}.Debug|x64.ActiveCfg = Debug|x64
		{43475DEA-A4F8-49E2-B951-B658DDE9FE8E}.Debug|x64.Build.0 = Debug|x64
		{43475DEA-A4F8-49E2-B951-B658DDE9FE8E}.Debug|x86.ActiveCfg = Debug|Win32
		{43475DEA-A4F8-49E2-B951-B658DDE9FE8E}.Debug|x86.Build.0 = Debug|Win32
		{43475DEA-A4F8-49E2-B951-B658DDE9FE8E}.Release|x64.ActiveCfg = Release|x64
		{43475DEA-A4F8-49E2-B951-B658DDE9FE8E}.Release|x64.Build.0 = Release|x64
		{43475DEA-A4F8-49E2-B951-B658DDE9FE8E}.Release|x86.ActiveCfg = Release|Win32
		{43475DEA-A4F8-49E2-B951-B658DDE9FE8E}.Release|x86.Build.0 = Release|Win32
		{0D16A37B-E5CF-4A77-A986-471E8AF518F9}.Debug|x64.ActiveCfg = Debug|x64
		{0D16A37B-E5CF-4A77-A986-471E8AF518F9}.Debug|x64.Build.0 = Debug|x64
		{0D16A37B-E5CF-4A77-A986-471E8AF518F9}.Debug|x86.ActiveCfg = Debug|Win32
		{0D16A37B-E5CF-4A77-A986-471E8AF518F9}.Debug|x86.Build.0 = Debug|Win32
		{0D16A37B-E5CF-4A77-A986-471E8AF518F9}.Release|x64.ActiveCfg = Release|x64
		{0D16A37B-E5CF-4A77-A986-471E8AF518F9}.Release|x64.Build.0 = Release|x64
		{0D16A37B-E5CF-4A77-A986-471E8AF518F9}.Release|x86.ActiveCfg = Release|Win32
		{0D16A37B-E5CF-4A77-A986-471E8AF518F9}.Release|x86.Build.0 = Release|Win32
		{93ACCA1B-FF28-46E1-ADD1-2C57837FDCE7}.Debug|x64.ActiveCfg = Debug|x64
		{93ACCA1B-FF28-46E1-ADD1-2C57837FDCE7}.Debug|x64.Build.0 = Debug|x64
		{93ACCA1B-FF28-46E1-ADD1-2C57837FDCE7}.Debug|x86.ActiveCfg = Debug|Win32
		{93ACCA1B-FF28-46E1-ADD1-2C57837FDCE7}.Debug|x86.Build.0 = Debug|Win32
		{93ACCA1B-FF28-46E1-ADD1-2C57837FDCE7}.Release|x64.ActiveCfg = Release|x64
		{93ACCA1B-FF28-46E1-ADD1-2C57837FDCE7}.Release|x64.Build.0 = Release|x64
		{93ACCA1B-FF28-46E1-ADD1-2C57837FDCE7}.Release|x86.ActiveCfg = Release|Win32
		{93ACCA1B-FF28-46E1-ADD1-2C57837FDCE7}.Release|x86.Build.0 = Release|Win32
		{2DA0B005-721C-46E0-A8BA-5661FB8654DC}.Debug|x64.ActiveCfg = Debug|x64
		{2DA0B005-721C-46E0-A8BA-5661FB8654DC}.Debug|x64.Build.0 = Debug|x64
		{2DA0B005-721C-46E0-A8BA-5661FB8654DC}.Debug|x86.ActiveCfg = Debug|Win32
		{2DA0B005-721C-46E0-A8BA-5661FB8654DC}.Debug|x86.Build.0 = Debug|Win32
		{2DA0B005-721C-46E0-A8BA-5661FB8654DC}.Release|x64.ActiveCfg = Release|x64
		{2DA0B005-721C-46E0-A8BA-5661FB8654DC}.Release|x64.Build.0 = Release|x64
		{2DA0B005-721C-46E0-A8BA-5661FB8654DC}.Release|x86.ActiveCfg = Release|Win32
		{2DA0B005-721C-46E0-A8BA-5661FB8654DC}.Release|x86.Build.0 = Release|Win32
		{83A9F945-9D34-44BE-B754-2A43C1325B66}.Debug|x64.ActiveCfg = Debug|x64
		{83A9F945-9D34-44BE-B754-2A43C1325B66}.Debug|x64.Build.0 = Debug|x64
		{83A9F945-9D34-44BE-B754-2A43C1325B66}.Debug|x86.ActiveCfg = Debug|Win32
		{83A9F945-9D34-44BE-B754-2A43C1325B66}.Debug|x86.Build.0 = Debug|Win32
		{83A9F945-9D34-44BE-B754-2A43C1325B66}.Release|x64.ActiveCfg = Release|x64
		{83A9F945-9D34-44BE-B754-2A43C1325B66}.Release|x64.Build.0 = Release|x64
		{83A9F945-9D34-44BE-B754-2A43C1325B66}.Release|x86.ActiveCfg = Release|Win32
		{83A9F945-9D34-44BE-B754-2A43C1325B66}.Release|x86.Build.0 = Release|Win32
		{1A6D31A9-0255-4D83-92B9-F2D9B9C431D7}.Debug|x64.ActiveCfg = Debug|x64
		{1A6D31A9-0255-4D83-92B9-F2D9B9C431D7}.Debug|x64.Build.0 = Debug|x64
		{1A6D31A9-0255-4D83-92B9-F2D9B9C431D7}.Debug|x86.ActiveCfg = Debug|Win32
		{1A6D31A9-0255-4D83-92B9-F2D9B9C431D7}.Debug|x86.Build.0 = Debug|Win32
		{1A6D31A9-0255-4D83-92B9-F2D9B9C431D7}.Release|x64.ActiveCfg = Release|x64
		{1A6D31A9-0255-4D83-92B9-F2D9B9C431D7}.Release|x64.Build.0 = Release|x64
		{1A6D31A9-0255-4D83-92B9-F2D9B9C431D7}.Release|x86.ActiveCfg = Release|Win32
		{1A6D31A9-0255-4D83-92B9-F2D9B9C431D7}.Release|x86.Build.0 = Release|Win32
		{E5044356-1370-401F-B92A-63CAE7013861}.Debug|x64.ActiveCfg = Debug|x64
		{E5044356-1370-401F-B92A-63CAE7013861}.Debug|x64.Build.0 = Debug|x64
		{E5044356-1370-401F-B92A-63CAE7013861}.Debug|x86.ActiveCfg = Debug|Win32
		{E5044356-1370-401F-B92A-63CAE7013861}.Debug|x86.Build.0 = Debug|Win32
		{E5044356-1370-401F-B92A-63CAE7013861}.Release|x64.ActiveCfg = Release|x64
		{E5044356-1370-401F-B92A-63CAE7013861}.Release|x64.Build.0 = Release|x64
		{E5044356-1370-401F-B92A-63CAE7013861}.Release|x86.ActiveCfg = Release|Win32
		{E5044356-1370-401F-B92A-63CAE7013861}.Release|x86.Build.0 = Release|Win32
		{C195E16A-3AB6-4CC7-BBE4-35D1F3676C5E}.Debug|x64.ActiveCfg = Debug|x64
		{C195E16A-3AB6-4CC7-BBE4-35D1F3676C5E}.Debug|x64.Build.0 = Debug|x64
		{C195E16A-3AB6-4CC7-BBE4-35D1F3676C5E}.Debug|x86.ActiveCfg = Debug|Win32
		{C195E16A-3AB6-4CC7-BBE4-35D1F3676C5E}.Debug|x86.Build.0 = Debug|Win32
		{C195E16A-3AB6-4CC7-BBE4-35D1F3676C5E}.Release|x64.ActiveCfg = Release|x64
		{C195E16A-3AB6-4CC7-BBE4-35D1F3676C5E}.Release|x64.Build.0 = Release|x64
		{C195E16A-3AB6-4CC7-BBE4-35D1F3676C5E}.Release|x86.ActiveCfg = Release|Win32
		{C195E16A-3AB6-4CC7-BBE4-35D1F3676C5E}.Release|x86.Build.0 = Release|Win32
		{E33E51B7-785F-4A2A-8782-90E8C3F0A123}.Debug|x64.ActiveCfg = Debug|x64
		{E33E51B7-785F-4A2A-8782-90E8C3F0A123}.Debug|x64.Build.0 = Debug|x64
		{E33E51B7-785F-4A2A-8782-90E8C3F0A123}.Debug|x86.ActiveCfg = Debug|Win32
		{E33E51B7-785F-4A2A-8782-90E8C3F0A123}.Debug|x86.Build.0 = Debug|Win32
		{E33E51B7-785F-4A2A-8782-90E8C3F0A123}.Release|x64.ActiveCfg = Release|x64
		{E33E51B7-785F-4A2A-8782-90E8C3F0A123}.Release|x64.Build.0 = Release|x64
		{E33E51B7-785F-4A2A-8782-90E8C3F0A123}.Release|x86.ActiveCfg = Release|Win32
		{E33E51B7-785F-4A2A-8782-90E8C3F0A123}.Release|x86.Build.0 = Release|Win32
		{77FE9192-B9FA-49DD-A4A4-A7E5798681EB}.Debug|x64.ActiveCfg = Debug|x64
		{77FE9192-B9FA-49DD-A4A4-A7E5798681EB}.Debug|x64.Build.0 = Debug|x64
		{77FE9192-B9FA-49DD-A4A4-A7E5798681EB}.Debug|x86.ActiveCfg = Debug|Win32
		{77FE9192-B9FA-49DD-A4A4-A7E5798681EB}.Debug|x86.Build.0 = Debug|Win32
		{77FE9192-B9FA-49DD-A4A4-A7E5798681EB}.Release|x64.ActiveCfg = Release|x64
		{77FE9192-B9FA-49DD-A4A4-A7E5798681EB}.Release|x64.Build.0 = Release|x64
		{77FE9192-B9FA-49DD-A4A4-A7E5798681EB}.Release|x86.ActiveCfg = Release|Win32
		{77FE9192-B9FA-49DD-A4A4-A7E5798681EB}.Release|x86.Build.0 = Release|Win32
		{6EA7A6BB-9B38-4E5C-ABEE-A514D60E535C}.Debug|x64.ActiveCfg = Debug|x64
		{6EA7A6BB-9B38-4E5C-ABEE-A514D60E535C}.Debug|x64.Build.0 = Debug|x64
		{6EA7A6BB-9B38-4E5C-ABEE-A514D60E535C}.Debug|x86.ActiveCfg = Debug|Win32
		{6EA7A6BB-9B38-4E5C-ABEE-A514D60E535C}.Debug|x86.Build.0 = Debug|Win32
		{6EA7A6BB-9B38-4E5C-ABEE-A514D60E535C}.Release|x64.ActiveCfg = Release|x64
		{6EA7A6BB-9B38-4E5C-ABEE-A514D60E535C}.Release|x64.Build.0 = Release|x64
		{6EA7A6BB-9B38-4E5C-ABEE-A514D60E535C}.Release|x86.ActiveCfg = Release|Win32
		{6EA7A6BB-9B38-4E5C-ABEE-A514D60E535C}.Release|x86.Build.0 = Release|Win32
		{13D3DDE0-5AE0-43EC-A428-B6D039159D31}.Debug|x64.ActiveCfg = Debug|x64
		{13D3DDE0-5AE0-43EC-A428-B6D039159D31}.Debug|x64.Build.0 = Debug|x64
		{13D3DDE0-5AE0-43EC-A428-B6D039159D31}.Debug|x86.ActiveCfg = Debug|Win32
		{13D3DDE0-5AE0-43EC-A428-B6D039159D31}.Debug|x86.Build.0 = Debug|Win32
		{13D3DDE0-5AE0-43EC-A428-B6D039159D31}.Release|x64.ActiveCfg = Release|x64
		{13D3DDE0-5AE0-43EC-A428-B6D039159D31}.Release|x64.Build.0 = Release|x64
		{13D3DDE0-5AE0-43EC-A428-B6D039159D31}.Release|x86.ActiveCfg = Release|Win32
		{13D3DDE0-5AE0-43EC-A428-B6D039159D31}.Release|x86.Build.0 = Release|Win32
	EndGlobalSection
	GlobalSection(SolutionProperties) = preSolution
		HideSolutionNode = FALSE
	EndGlobalSection
	GlobalSection(ExtensibilityGlobals) = postSolution
		SolutionGuid = {77877670-E381-4E62-BFFC-549DC1F8A8CB}
	EndGlobalSection
EndGlobal
